// !$*UTF8*$!
{
	archiveVersion = 1;
	classes = {
	};
	objectVersion = 55;
	objects = {

/* Begin PBXBuildFile section */
		4625DF1A276D588B004098F2 /* CityList.swift in Sources */ = {isa = PBXBuildFile; fileRef = 4625DF19276D588B004098F2 /* CityList.swift */; };
		4625DF1C276D58A9004098F2 /* CurrentWeather.swift in Sources */ = {isa = PBXBuildFile; fileRef = 4625DF1B276D58A9004098F2 /* CurrentWeather.swift */; };
		4625DF1E276D58B7004098F2 /* Coord.swift in Sources */ = {isa = PBXBuildFile; fileRef = 4625DF1D276D58B7004098F2 /* Coord.swift */; };
		4625DF20276D58C7004098F2 /* ForecastWeather.swift in Sources */ = {isa = PBXBuildFile; fileRef = 4625DF1F276D58C7004098F2 /* ForecastWeather.swift */; };
		4625DF22276D58D5004098F2 /* Sys.swift in Sources */ = {isa = PBXBuildFile; fileRef = 4625DF21276D58D5004098F2 /* Sys.swift */; };
		4625DF24276D58E5004098F2 /* Temperature.swift in Sources */ = {isa = PBXBuildFile; fileRef = 4625DF23276D58E5004098F2 /* Temperature.swift */; };
		4625DF26276D58F7004098F2 /* Weather.swift in Sources */ = {isa = PBXBuildFile; fileRef = 4625DF25276D58F7004098F2 /* Weather.swift */; };
		4625DF29276D5979004098F2 /* ApiRequest.swift in Sources */ = {isa = PBXBuildFile; fileRef = 4625DF28276D5979004098F2 /* ApiRequest.swift */; };
		4625DF2E276D5B66004098F2 /* MainView.swift in Sources */ = {isa = PBXBuildFile; fileRef = 4625DF2D276D5B66004098F2 /* MainView.swift */; };
		4625DF30276D5B77004098F2 /* MainViewModel.swift in Sources */ = {isa = PBXBuildFile; fileRef = 4625DF2F276D5B77004098F2 /* MainViewModel.swift */; };
		4625DF33276D603A004098F2 /* StartApp.swift in Sources */ = {isa = PBXBuildFile; fileRef = 4625DF32276D603A004098F2 /* StartApp.swift */; };
		4625DF5C276D6EDF004098F2 /* ForecastWeatherView.swift in Sources */ = {isa = PBXBuildFile; fileRef = 4625DF5B276D6EDF004098F2 /* ForecastWeatherView.swift */; };
		4625DF5E276D6EED004098F2 /* ForecastWeatherViewModel.swift in Sources */ = {isa = PBXBuildFile; fileRef = 4625DF5D276D6EED004098F2 /* ForecastWeatherViewModel.swift */; };
		4625DF60276D6EF9004098F2 /* CurrentWeatherView.swift in Sources */ = {isa = PBXBuildFile; fileRef = 4625DF5F276D6EF9004098F2 /* CurrentWeatherView.swift */; };
		4625DF62276D6F02004098F2 /* CurrentWeatherViewModel.swift in Sources */ = {isa = PBXBuildFile; fileRef = 4625DF61276D6F02004098F2 /* CurrentWeatherViewModel.swift */; };
		4625DF64276D6F8E004098F2 /* CityCell.swift in Sources */ = {isa = PBXBuildFile; fileRef = 4625DF63276D6F8E004098F2 /* CityCell.swift */; };
		4625DF66276D6FCA004098F2 /* CityCellViewModel.swift in Sources */ = {isa = PBXBuildFile; fileRef = 4625DF65276D6FCA004098F2 /* CityCellViewModel.swift */; };
		4625DF69276EAA83004098F2 /* MyError.swift in Sources */ = {isa = PBXBuildFile; fileRef = 4625DF68276EAA83004098F2 /* MyError.swift */; };
		4625DF71276F93EC004098F2 /* ForecastCell.swift in Sources */ = {isa = PBXBuildFile; fileRef = 4625DF70276F93EC004098F2 /* ForecastCell.swift */; };
		4625DF73276F93FA004098F2 /* ForecastCellViewModel.swift in Sources */ = {isa = PBXBuildFile; fileRef = 4625DF72276F93FA004098F2 /* ForecastCellViewModel.swift */; };
		4644FE1A276A3D3F00AFE09F /* Assets.xcassets in Resources */ = {isa = PBXBuildFile; fileRef = 4644FE19276A3D3F00AFE09F /* Assets.xcassets */; };
/* End PBXBuildFile section */

/* Begin PBXFileReference section */
		4625DF19276D588B004098F2 /* CityList.swift */ = {isa = PBXFileReference; lastKnownFileType = sourcecode.swift; path = CityList.swift; sourceTree = "<group>"; };
		4625DF1B276D58A9004098F2 /* CurrentWeather.swift */ = {isa = PBXFileReference; lastKnownFileType = sourcecode.swift; path = CurrentWeather.swift; sourceTree = "<group>"; };
		4625DF1D276D58B7004098F2 /* Coord.swift */ = {isa = PBXFileReference; lastKnownFileType = sourcecode.swift; path = Coord.swift; sourceTree = "<group>"; };
		4625DF1F276D58C7004098F2 /* ForecastWeather.swift */ = {isa = PBXFileReference; lastKnownFileType = sourcecode.swift; path = ForecastWeather.swift; sourceTree = "<group>"; };
		4625DF21276D58D5004098F2 /* Sys.swift */ = {isa = PBXFileReference; lastKnownFileType = sourcecode.swift; path = Sys.swift; sourceTree = "<group>"; };
		4625DF23276D58E5004098F2 /* Temperature.swift */ = {isa = PBXFileReference; lastKnownFileType = sourcecode.swift; path = Temperature.swift; sourceTree = "<group>"; };
		4625DF25276D58F7004098F2 /* Weather.swift */ = {isa = PBXFileReference; lastKnownFileType = sourcecode.swift; path = Weather.swift; sourceTree = "<group>"; };
		4625DF28276D5979004098F2 /* ApiRequest.swift */ = {isa = PBXFileReference; lastKnownFileType = sourcecode.swift; path = ApiRequest.swift; sourceTree = "<group>"; };
		4625DF2D276D5B66004098F2 /* MainView.swift */ = {isa = PBXFileReference; lastKnownFileType = sourcecode.swift; path = MainView.swift; sourceTree = "<group>"; };
		4625DF2F276D5B77004098F2 /* MainViewModel.swift */ = {isa = PBXFileReference; lastKnownFileType = sourcecode.swift; path = MainViewModel.swift; sourceTree = "<group>"; };
		4625DF32276D603A004098F2 /* StartApp.swift */ = {isa = PBXFileReference; lastKnownFileType = sourcecode.swift; path = StartApp.swift; sourceTree = "<group>"; };
		4625DF3A276D68B9004098F2 /* Info.plist */ = {isa = PBXFileReference; lastKnownFileType = text.plist.xml; path = Info.plist; sourceTree = "<group>"; };
		4625DF5B276D6EDF004098F2 /* ForecastWeatherView.swift */ = {isa = PBXFileReference; lastKnownFileType = sourcecode.swift; path = ForecastWeatherView.swift; sourceTree = "<group>"; };
		4625DF5D276D6EED004098F2 /* ForecastWeatherViewModel.swift */ = {isa = PBXFileReference; lastKnownFileType = sourcecode.swift; path = ForecastWeatherViewModel.swift; sourceTree = "<group>"; };
		4625DF5F276D6EF9004098F2 /* CurrentWeatherView.swift */ = {isa = PBXFileReference; lastKnownFileType = sourcecode.swift; path = CurrentWeatherView.swift; sourceTree = "<group>"; };
		4625DF61276D6F02004098F2 /* CurrentWeatherViewModel.swift */ = {isa = PBXFileReference; lastKnownFileType = sourcecode.swift; path = CurrentWeatherViewModel.swift; sourceTree = "<group>"; };
		4625DF63276D6F8E004098F2 /* CityCell.swift */ = {isa = PBXFileReference; lastKnownFileType = sourcecode.swift; path = CityCell.swift; sourceTree = "<group>"; };
		4625DF65276D6FCA004098F2 /* CityCellViewModel.swift */ = {isa = PBXFileReference; lastKnownFileType = sourcecode.swift; path = CityCellViewModel.swift; sourceTree = "<group>"; };
		4625DF68276EAA83004098F2 /* MyError.swift */ = {isa = PBXFileReference; lastKnownFileType = sourcecode.swift; path = MyError.swift; sourceTree = "<group>"; };
		4625DF70276F93EC004098F2 /* ForecastCell.swift */ = {isa = PBXFileReference; lastKnownFileType = sourcecode.swift; path = ForecastCell.swift; sourceTree = "<group>"; };
		4625DF72276F93FA004098F2 /* ForecastCellViewModel.swift */ = {isa = PBXFileReference; lastKnownFileType = sourcecode.swift; path = ForecastCellViewModel.swift; sourceTree = "<group>"; };
		4644FE12276A3D3D00AFE09F /* Booksy-swiftui.app */ = {isa = PBXFileReference; explicitFileType = wrapper.application; includeInIndex = 0; path = "Booksy-swiftui.app"; sourceTree = BUILT_PRODUCTS_DIR; };
		4644FE19276A3D3F00AFE09F /* Assets.xcassets */ = {isa = PBXFileReference; lastKnownFileType = folder.assetcatalog; path = Assets.xcassets; sourceTree = "<group>"; };
/* End PBXFileReference section */

/* Begin PBXFrameworksBuildPhase section */
		4644FE0F276A3D3D00AFE09F /* Frameworks */ = {
			isa = PBXFrameworksBuildPhase;
			buildActionMask = 2147483647;
			files = (
			);
			runOnlyForDeploymentPostprocessing = 0;
		};
/* End PBXFrameworksBuildPhase section */

/* Begin PBXGroup section */
		4625DF14276CE322004098F2 /* Screens */ = {
			isa = PBXGroup;
			children = (
				4625DF5A276D6ED2004098F2 /* CurrentWeather */,
				4625DF59276D6E89004098F2 /* ForecastWeather */,
				4625DF2A276D5B52004098F2 /* Main */,
			);
			path = Screens;
			sourceTree = "<group>";
		};
		4625DF15276CE480004098F2 /* Api */ = {
			isa = PBXGroup;
			children = (
				4625DF27276D596D004098F2 /* Client */,
				4625DF18276D552C004098F2 /* Models */,
			);
			path = Api;
			sourceTree = "<group>";
		};
		4625DF18276D552C004098F2 /* Models */ = {
			isa = PBXGroup;
			children = (
				4625DF19276D588B004098F2 /* CityList.swift */,
				4625DF1B276D58A9004098F2 /* CurrentWeather.swift */,
				4625DF1D276D58B7004098F2 /* Coord.swift */,
				4625DF1F276D58C7004098F2 /* ForecastWeather.swift */,
				4625DF21276D58D5004098F2 /* Sys.swift */,
				4625DF23276D58E5004098F2 /* Temperature.swift */,
				4625DF25276D58F7004098F2 /* Weather.swift */,
				4625DF68276EAA83004098F2 /* MyError.swift */,
			);
			path = Models;
			sourceTree = "<group>";
		};
		4625DF27276D596D004098F2 /* Client */ = {
			isa = PBXGroup;
			children = (
				4625DF28276D5979004098F2 /* ApiRequest.swift */,
			);
			path = Client;
			sourceTree = "<group>";
		};
		4625DF2A276D5B52004098F2 /* Main */ = {
			isa = PBXGroup;
			children = (
				4625DF67276D6FD8004098F2 /* Cell */,
				4625DF2D276D5B66004098F2 /* MainView.swift */,
				4625DF2F276D5B77004098F2 /* MainViewModel.swift */,
			);
			path = Main;
			sourceTree = "<group>";
		};
		4625DF31276D600A004098F2 /* StartApp */ = {
			isa = PBXGroup;
			children = (
				4625DF32276D603A004098F2 /* StartApp.swift */,
			);
			path = StartApp;
			sourceTree = "<group>";
		};
		4625DF39276D68AC004098F2 /* Other */ = {
			isa = PBXGroup;
			children = (
				4644FE19276A3D3F00AFE09F /* Assets.xcassets */,
				4625DF3A276D68B9004098F2 /* Info.plist */,
			);
			path = Other;
			sourceTree = "<group>";
		};
		4625DF59276D6E89004098F2 /* ForecastWeather */ = {
			isa = PBXGroup;
			children = (
				4625DF6F276F93D7004098F2 /* Cell */,
				4625DF5B276D6EDF004098F2 /* ForecastWeatherView.swift */,
				4625DF5D276D6EED004098F2 /* ForecastWeatherViewModel.swift */,
			);
			path = ForecastWeather;
			sourceTree = "<group>";
		};
		4625DF5A276D6ED2004098F2 /* CurrentWeather */ = {
			isa = PBXGroup;
			children = (
				4625DF5F276D6EF9004098F2 /* CurrentWeatherView.swift */,
				4625DF61276D6F02004098F2 /* CurrentWeatherViewModel.swift */,
			);
			path = CurrentWeather;
			sourceTree = "<group>";
		};
		4625DF67276D6FD8004098F2 /* Cell */ = {
			isa = PBXGroup;
			children = (
				4625DF63276D6F8E004098F2 /* CityCell.swift */,
				4625DF65276D6FCA004098F2 /* CityCellViewModel.swift */,
			);
			path = Cell;
			sourceTree = "<group>";
		};
		4625DF6F276F93D7004098F2 /* Cell */ = {
			isa = PBXGroup;
			children = (
				4625DF70276F93EC004098F2 /* ForecastCell.swift */,
				4625DF72276F93FA004098F2 /* ForecastCellViewModel.swift */,
			);
			path = Cell;
			sourceTree = "<group>";
		};
		4644FE09276A3D3C00AFE09F = {
			isa = PBXGroup;
			children = (
				4644FE14276A3D3D00AFE09F /* Booksy-swiftui */,
				4644FE13276A3D3D00AFE09F /* Products */,
			);
			sourceTree = "<group>";
		};
		4644FE13276A3D3D00AFE09F /* Products */ = {
			isa = PBXGroup;
			children = (
				4644FE12276A3D3D00AFE09F /* Booksy-swiftui.app */,
			);
			name = Products;
			sourceTree = "<group>";
		};
		4644FE14276A3D3D00AFE09F /* Booksy-swiftui */ = {
			isa = PBXGroup;
			children = (
				4625DF39276D68AC004098F2 /* Other */,
				4625DF31276D600A004098F2 /* StartApp */,
				4625DF15276CE480004098F2 /* Api */,
				4625DF14276CE322004098F2 /* Screens */,
			);
			path = "Booksy-swiftui";
			sourceTree = "<group>";
		};
/* End PBXGroup section */

/* Begin PBXNativeTarget section */
		4644FE11276A3D3D00AFE09F /* Booksy-swiftui */ = {
			isa = PBXNativeTarget;
			buildConfigurationList = 4644FE20276A3D3F00AFE09F /* Build configuration list for PBXNativeTarget "Booksy-swiftui" */;
			buildPhases = (
				4644FE0E276A3D3D00AFE09F /* Sources */,
				4644FE0F276A3D3D00AFE09F /* Frameworks */,
				4644FE10276A3D3D00AFE09F /* Resources */,
			);
			buildRules = (
			);
			dependencies = (
			);
			name = "Booksy-swiftui";
			productName = "Booksy-swiftui";
			productReference = 4644FE12276A3D3D00AFE09F /* Booksy-swiftui.app */;
			productType = "com.apple.product-type.application";
		};
/* End PBXNativeTarget section */

/* Begin PBXProject section */
		4644FE0A276A3D3C00AFE09F /* Project object */ = {
			isa = PBXProject;
			attributes = {
				BuildIndependentTargetsInParallel = 1;
				LastSwiftUpdateCheck = 1310;
				LastUpgradeCheck = 1310;
				TargetAttributes = {
					4644FE11276A3D3D00AFE09F = {
						CreatedOnToolsVersion = 13.1;
					};
				};
			};
			buildConfigurationList = 4644FE0D276A3D3C00AFE09F /* Build configuration list for PBXProject "Booksy-swiftui" */;
			compatibilityVersion = "Xcode 13.0";
			developmentRegion = en;
			hasScannedForEncodings = 0;
			knownRegions = (
				en,
				Base,
			);
			mainGroup = 4644FE09276A3D3C00AFE09F;
			productRefGroup = 4644FE13276A3D3D00AFE09F /* Products */;
			projectDirPath = "";
			projectRoot = "";
			targets = (
				4644FE11276A3D3D00AFE09F /* Booksy-swiftui */,
			);
		};
/* End PBXProject section */

/* Begin PBXResourcesBuildPhase section */
		4644FE10276A3D3D00AFE09F /* Resources */ = {
			isa = PBXResourcesBuildPhase;
			buildActionMask = 2147483647;
			files = (
				4644FE1A276A3D3F00AFE09F /* Assets.xcassets in Resources */,
			);
			runOnlyForDeploymentPostprocessing = 0;
		};
/* End PBXResourcesBuildPhase section */

/* Begin PBXSourcesBuildPhase section */
		4644FE0E276A3D3D00AFE09F /* Sources */ = {
			isa = PBXSourcesBuildPhase;
			buildActionMask = 2147483647;
			files = (
				4625DF1C276D58A9004098F2 /* CurrentWeather.swift in Sources */,
				4625DF24276D58E5004098F2 /* Temperature.swift in Sources */,
				4625DF62276D6F02004098F2 /* CurrentWeatherViewModel.swift in Sources */,
				4625DF20276D58C7004098F2 /* ForecastWeather.swift in Sources */,
				4625DF5C276D6EDF004098F2 /* ForecastWeatherView.swift in Sources */,
				4625DF26276D58F7004098F2 /* Weather.swift in Sources */,
				4625DF69276EAA83004098F2 /* MyError.swift in Sources */,
				4625DF71276F93EC004098F2 /* ForecastCell.swift in Sources */,
				4625DF22276D58D5004098F2 /* Sys.swift in Sources */,
				4625DF73276F93FA004098F2 /* ForecastCellViewModel.swift in Sources */,
				4625DF66276D6FCA004098F2 /* CityCellViewModel.swift in Sources */,
				4625DF5E276D6EED004098F2 /* ForecastWeatherViewModel.swift in Sources */,
				4625DF1E276D58B7004098F2 /* Coord.swift in Sources */,
				4625DF64276D6F8E004098F2 /* CityCell.swift in Sources */,
				4625DF2E276D5B66004098F2 /* MainView.swift in Sources */,
				4625DF33276D603A004098F2 /* StartApp.swift in Sources */,
				4625DF1A276D588B004098F2 /* CityList.swift in Sources */,
				4625DF60276D6EF9004098F2 /* CurrentWeatherView.swift in Sources */,
				4625DF29276D5979004098F2 /* ApiRequest.swift in Sources */,
				4625DF30276D5B77004098F2 /* MainViewModel.swift in Sources */,
			);
			runOnlyForDeploymentPostprocessing = 0;
		};
/* End PBXSourcesBuildPhase section */

/* Begin XCBuildConfiguration section */
		4644FE1E276A3D3F00AFE09F /* Debug */ = {
			isa = XCBuildConfiguration;
			buildSettings = {
				ALWAYS_SEARCH_USER_PATHS = NO;
				CLANG_ANALYZER_NONNULL = YES;
				CLANG_ANALYZER_NUMBER_OBJECT_CONVERSION = YES_AGGRESSIVE;
				CLANG_CXX_LANGUAGE_STANDARD = "gnu++17";
				CLANG_CXX_LIBRARY = "libc++";
				CLANG_ENABLE_MODULES = YES;
				CLANG_ENABLE_OBJC_ARC = YES;
				CLANG_ENABLE_OBJC_WEAK = YES;
				CLANG_WARN_BLOCK_CAPTURE_AUTORELEASING = YES;
				CLANG_WARN_BOOL_CONVERSION = YES;
				CLANG_WARN_COMMA = YES;
				CLANG_WARN_CONSTANT_CONVERSION = YES;
				CLANG_WARN_DEPRECATED_OBJC_IMPLEMENTATIONS = YES;
				CLANG_WARN_DIRECT_OBJC_ISA_USAGE = YES_ERROR;
				CLANG_WARN_DOCUMENTATION_COMMENTS = YES;
				CLANG_WARN_EMPTY_BODY = YES;
				CLANG_WARN_ENUM_CONVERSION = YES;
				CLANG_WARN_INFINITE_RECURSION = YES;
				CLANG_WARN_INT_CONVERSION = YES;
				CLANG_WARN_NON_LITERAL_NULL_CONVERSION = YES;
				CLANG_WARN_OBJC_IMPLICIT_RETAIN_SELF = YES;
				CLANG_WARN_OBJC_LITERAL_CONVERSION = YES;
				CLANG_WARN_OBJC_ROOT_CLASS = YES_ERROR;
				CLANG_WARN_QUOTED_INCLUDE_IN_FRAMEWORK_HEADER = YES;
				CLANG_WARN_RANGE_LOOP_ANALYSIS = YES;
				CLANG_WARN_STRICT_PROTOTYPES = YES;
				CLANG_WARN_SUSPICIOUS_MOVE = YES;
				CLANG_WARN_UNGUARDED_AVAILABILITY = YES_AGGRESSIVE;
				CLANG_WARN_UNREACHABLE_CODE = YES;
				CLANG_WARN__DUPLICATE_METHOD_MATCH = YES;
				COPY_PHASE_STRIP = NO;
				DEBUG_INFORMATION_FORMAT = dwarf;
				ENABLE_STRICT_OBJC_MSGSEND = YES;
				ENABLE_TESTABILITY = YES;
				GCC_C_LANGUAGE_STANDARD = gnu11;
				GCC_DYNAMIC_NO_PIC = NO;
				GCC_NO_COMMON_BLOCKS = YES;
				GCC_OPTIMIZATION_LEVEL = 0;
				GCC_PREPROCESSOR_DEFINITIONS = (
					"DEBUG=1",
					"$(inherited)",
				);
				GCC_WARN_64_TO_32_BIT_CONVERSION = YES;
				GCC_WARN_ABOUT_RETURN_TYPE = YES_ERROR;
				GCC_WARN_UNDECLARED_SELECTOR = YES;
				GCC_WARN_UNINITIALIZED_AUTOS = YES_AGGRESSIVE;
				GCC_WARN_UNUSED_FUNCTION = YES;
				GCC_WARN_UNUSED_VARIABLE = YES;
				IPHONEOS_DEPLOYMENT_TARGET = 15.0;
				MTL_ENABLE_DEBUG_INFO = INCLUDE_SOURCE;
				MTL_FAST_MATH = YES;
				ONLY_ACTIVE_ARCH = YES;
				SDKROOT = iphoneos;
				SWIFT_ACTIVE_COMPILATION_CONDITIONS = DEBUG;
				SWIFT_OPTIMIZATION_LEVEL = "-Onone";
			};
			name = Debug;
		};
		4644FE1F276A3D3F00AFE09F /* Release */ = {
			isa = XCBuildConfiguration;
			buildSettings = {
				ALWAYS_SEARCH_USER_PATHS = NO;
				CLANG_ANALYZER_NONNULL = YES;
				CLANG_ANALYZER_NUMBER_OBJECT_CONVERSION = YES_AGGRESSIVE;
				CLANG_CXX_LANGUAGE_STANDARD = "gnu++17";
				CLANG_CXX_LIBRARY = "libc++";
				CLANG_ENABLE_MODULES = YES;
				CLANG_ENABLE_OBJC_ARC = YES;
				CLANG_ENABLE_OBJC_WEAK = YES;
				CLANG_WARN_BLOCK_CAPTURE_AUTORELEASING = YES;
				CLANG_WARN_BOOL_CONVERSION = YES;
				CLANG_WARN_COMMA = YES;
				CLANG_WARN_CONSTANT_CONVERSION = YES;
				CLANG_WARN_DEPRECATED_OBJC_IMPLEMENTATIONS = YES;
				CLANG_WARN_DIRECT_OBJC_ISA_USAGE = YES_ERROR;
				CLANG_WARN_DOCUMENTATION_COMMENTS = YES;
				CLANG_WARN_EMPTY_BODY = YES;
				CLANG_WARN_ENUM_CONVERSION = YES;
				CLANG_WARN_INFINITE_RECURSION = YES;
				CLANG_WARN_INT_CONVERSION = YES;
				CLANG_WARN_NON_LITERAL_NULL_CONVERSION = YES;
				CLANG_WARN_OBJC_IMPLICIT_RETAIN_SELF = YES;
				CLANG_WARN_OBJC_LITERAL_CONVERSION = YES;
				CLANG_WARN_OBJC_ROOT_CLASS = YES_ERROR;
				CLANG_WARN_QUOTED_INCLUDE_IN_FRAMEWORK_HEADER = YES;
				CLANG_WARN_RANGE_LOOP_ANALYSIS = YES;
				CLANG_WARN_STRICT_PROTOTYPES = YES;
				CLANG_WARN_SUSPICIOUS_MOVE = YES;
				CLANG_WARN_UNGUARDED_AVAILABILITY = YES_AGGRESSIVE;
				CLANG_WARN_UNREACHABLE_CODE = YES;
				CLANG_WARN__DUPLICATE_METHOD_MATCH = YES;
				COPY_PHASE_STRIP = NO;
				DEBUG_INFORMATION_FORMAT = "dwarf-with-dsym";
				ENABLE_NS_ASSERTIONS = NO;
				ENABLE_STRICT_OBJC_MSGSEND = YES;
				GCC_C_LANGUAGE_STANDARD = gnu11;
				GCC_NO_COMMON_BLOCKS = YES;
				GCC_WARN_64_TO_32_BIT_CONVERSION = YES;
				GCC_WARN_ABOUT_RETURN_TYPE = YES_ERROR;
				GCC_WARN_UNDECLARED_SELECTOR = YES;
				GCC_WARN_UNINITIALIZED_AUTOS = YES_AGGRESSIVE;
				GCC_WARN_UNUSED_FUNCTION = YES;
				GCC_WARN_UNUSED_VARIABLE = YES;
				IPHONEOS_DEPLOYMENT_TARGET = 15.0;
				MTL_ENABLE_DEBUG_INFO = NO;
				MTL_FAST_MATH = YES;
				SDKROOT = iphoneos;
				SWIFT_COMPILATION_MODE = wholemodule;
				SWIFT_OPTIMIZATION_LEVEL = "-O";
				VALIDATE_PRODUCT = YES;
			};
			name = Release;
		};
		4644FE21276A3D3F00AFE09F /* Debug */ = {
			isa = XCBuildConfiguration;
			buildSettings = {
				ASSETCATALOG_COMPILER_APPICON_NAME = AppIcon;
				ASSETCATALOG_COMPILER_GLOBAL_ACCENT_COLOR_NAME = AccentColor;
				CODE_SIGN_IDENTITY = "Apple Development";
				CODE_SIGN_STYLE = Automatic;
				CURRENT_PROJECT_VERSION = 1;
				DEVELOPMENT_ASSET_PATHS = "";
				DEVELOPMENT_TEAM = DFJL47SCDY;
				ENABLE_PREVIEWS = YES;
				GENERATE_INFOPLIST_FILE = YES;
				INFOPLIST_FILE = "Booksy-swiftui/Other/Info.plist";
				INFOPLIST_KEY_UIApplicationSupportsIndirectInputEvents = YES;
				INFOPLIST_KEY_UILaunchScreen_Generation = YES;
				INFOPLIST_KEY_UIStatusBarHidden = YES;
				INFOPLIST_KEY_UISupportedInterfaceOrientations = UIInterfaceOrientationPortrait;
				INFOPLIST_KEY_UISupportedInterfaceOrientations_iPad = "UIInterfaceOrientationPortrait UIInterfaceOrientationPortraitUpsideDown UIInterfaceOrientationLandscapeLeft UIInterfaceOrientationLandscapeRight";
				INFOPLIST_KEY_UISupportedInterfaceOrientations_iPhone = "UIInterfaceOrientationPortrait UIInterfaceOrientationLandscapeLeft UIInterfaceOrientationLandscapeRight";
				LD_RUNPATH_SEARCH_PATHS = (
					"$(inherited)",
					"@executable_path/Frameworks",
				);
				MARKETING_VERSION = 1.0;
				PRODUCT_BUNDLE_IDENTIFIER = "tomaszrybkowski.com.Booksy-swiftui";
				PRODUCT_NAME = "$(TARGET_NAME)";
				PROVISIONING_PROFILE_SPECIFIER = "";
				SWIFT_EMIT_LOC_STRINGS = YES;
				SWIFT_VERSION = 5.0;
				TARGETED_DEVICE_FAMILY = "1,2";
			};
			name = Debug;
		};
		4644FE22276A3D3F00AFE09F /* Release */ = {
			isa = XCBuildConfiguration;
			buildSettings = {
				ASSETCATALOG_COMPILER_APPICON_NAME = AppIcon;
				ASSETCATALOG_COMPILER_GLOBAL_ACCENT_COLOR_NAME = AccentColor;
				CODE_SIGN_IDENTITY = "Apple Development";
				CODE_SIGN_STYLE = Automatic;
				CURRENT_PROJECT_VERSION = 1;
				DEVELOPMENT_ASSET_PATHS = "";
				DEVELOPMENT_TEAM = DFJL47SCDY;
				ENABLE_PREVIEWS = YES;
				GENERATE_INFOPLIST_FILE = YES;
				INFOPLIST_FILE = "Booksy-swiftui/Other/Info.plist";
				INFOPLIST_KEY_UIApplicationSupportsIndirectInputEvents = YES;
				INFOPLIST_KEY_UILaunchScreen_Generation = YES;
				INFOPLIST_KEY_UIStatusBarHidden = YES;
				INFOPLIST_KEY_UISupportedInterfaceOrientations = UIInterfaceOrientationPortrait;
				INFOPLIST_KEY_UISupportedInterfaceOrientations_iPad = "UIInterfaceOrientationPortrait UIInterfaceOrientationPortraitUpsideDown UIInterfaceOrientationLandscapeLeft UIInterfaceOrientationLandscapeRight";
				INFOPLIST_KEY_UISupportedInterfaceOrientations_iPhone = "UIInterfaceOrientationPortrait UIInterfaceOrientationLandscapeLeft UIInterfaceOrientationLandscapeRight";
				LD_RUNPATH_SEARCH_PATHS = (
					"$(inherited)",
					"@executable_path/Frameworks",
				);
				MARKETING_VERSION = 1.0;
				PRODUCT_BUNDLE_IDENTIFIER = "tomaszrybkowski.com.Booksy-swiftui";
				PRODUCT_NAME = "$(TARGET_NAME)";
				PROVISIONING_PROFILE_SPECIFIER = "";
				SWIFT_EMIT_LOC_STRINGS = YES;
				SWIFT_VERSION = 5.0;
				TARGETED_DEVICE_FAMILY = "1,2";
			};
			name = Release;
		};
/* End XCBuildConfiguration section */

/* Begin XCConfigurationList section */
		4644FE0D276A3D3C00AFE09F /* Build configuration list for PBXProject "Booksy-swiftui" */ = {
			isa = XCConfigurationList;
			buildConfigurations = (
				4644FE1E276A3D3F00AFE09F /* Debug */,
				4644FE1F276A3D3F00AFE09F /* Release */,
			);
			defaultConfigurationIsVisible = 0;
			defaultConfigurationName = Release;
		};
		4644FE20276A3D3F00AFE09F /* Build configuration list for PBXNativeTarget "Booksy-swiftui" */ = {
			isa = XCConfigurationList;
			buildConfigurations = (
				4644FE21276A3D3F00AFE09F /* Debug */,
				4644FE22276A3D3F00AFE09F /* Release */,
			);
			defaultConfigurationIsVisible = 0;
			defaultConfigurationName = Release;
		};
/* End XCConfigurationList section */
	};
	rootObject = 4644FE0A276A3D3C00AFE09F /* Project object */;
}
